
Microsoft Visual Studio Solution File, Format Version 12.00
# Visual Studio 15
VisualStudioVersion = 15.0.28010.2016
MinimumVisualStudioVersion = 10.0.40219.1
Project("{9A19103F-16F7-4668-BE54-9A1E7A4F7556}") = "TaskTracker.Web.API", "TaskTracker.Web.API\TaskTracker.Web.API.csproj", "{A3D63528-C2A4-432F-ABEA-03A02DFBACD3}"
EndProject
Project("{9A19103F-16F7-4668-BE54-9A1E7A4F7556}") = "TaskTracker.Web.UI", "TaskTracker.Web.UI\TaskTracker.Web.UI.csproj", "{7C956266-7B94-4C5B-9E7B-E7584095CCF2}"
EndProject
Project("{2150E333-8FDC-42A3-9474-1A3956D46DE8}") = "Assemblies", "Assemblies", "{B41F7957-5F97-4368-B356-31EEFDD1BF03}"
EndProject
Project("{FAE04EC0-301F-11D3-BF4B-00C04F79EFBC}") = "TaskTracker.Model", "TaskTracker.Model\TaskTracker.Model.csproj", "{D9FBCB80-DF45-4BD6-BEE9-5BD3A083C41C}"
EndProject
Project("{FAE04EC0-301F-11D3-BF4B-00C04F79EFBC}") = "TaskTracker.DAL", "TaskTracker.DAL\TaskTracker.DAL.csproj", "{F5990438-9739-43E3-8DCD-51C78D983E21}"
EndProject
Project("{FAE04EC0-301F-11D3-BF4B-00C04F79EFBC}") = "TaskTracker.Enums", "TaskTracker.BO\TaskTracker.Enums.csproj", "{4841019D-6001-4639-A11F-F7B9DAAE5E93}"
EndProject
Project("{FAE04EC0-301F-11D3-BF4B-00C04F79EFBC}") = "TaskTracker.Auth", "TaskTracker.Auth\TaskTracker.Auth.csproj", "{C520DB9E-7CE7-452A-9927-8452C502211D}"
EndProject
Project("{9A19103F-16F7-4668-BE54-9A1E7A4F7556}") = "TaskTracker.ProjectManagementServices", "TaskTracker.ProjectManagementServices\TaskTracker.ProjectManagementServices.csproj", "{2DF78ABB-0D2A-4EFB-B627-4F3F65A93FDF}"
EndProject
Project("{9A19103F-16F7-4668-BE54-9A1E7A4F7556}") = "TaskTracker.Contracts", "TaskTracker.Contracts\TaskTracker.Contracts.csproj", "{6F950CF9-6721-4A89-9A67-5084EC36F3DC}"
EndProject
Project("{9A19103F-16F7-4668-BE54-9A1E7A4F7556}") = "TaskTracker.MigrationsConsole", "TaskTracker.MigrationsConsole\TaskTracker.MigrationsConsole.csproj", "{1F4C428C-0A92-4F49-B0FB-F34583D4C4D9}"
EndProject
Project("{2150E333-8FDC-42A3-9474-1A3956D46DE8}") = "Common", "Common", "{7202C2A1-EB78-4CE6-AA6C-7CB4CAF7C1FB}"
EndProject
Project("{2150E333-8FDC-42A3-9474-1A3956D46DE8}") = "Dal", "Dal", "{24168A9A-1316-473B-9654-68B8EA024DEF}"
EndProject
Project("{2150E333-8FDC-42A3-9474-1A3956D46DE8}") = "Web", "Web", "{4BA2F86A-86D6-4E63-B622-7B8DCB401FDD}"
EndProject
Project("{2150E333-8FDC-42A3-9474-1A3956D46DE8}") = "Services", "Services", "{86DA7A16-4F4E-4955-9EBA-28417A44AF4B}"
EndProject
Project("{9A19103F-16F7-4668-BE54-9A1E7A4F7556}") = "TaskTracker.Utility", "TaskTracker.Utility\TaskTracker.Utility.csproj", "{B2811263-5510-4E29-B329-24324DEA3EE1}"
EndProject
Project("{9A19103F-16F7-4668-BE54-9A1E7A4F7556}") = "TaskTracker.UtilitiesDotNetStandard", "TaskTracker.UtilitiesDotNetStandard\TaskTracker.UtilitiesDotNetStandard.csproj", "{7FD5306C-9A39-4B1B-B177-1432D2A1EB7D}"
EndProject
Global
	GlobalSection(SolutionConfigurationPlatforms) = preSolution
		Debug|Any CPU = Debug|Any CPU
		Release|Any CPU = Release|Any CPU
	EndGlobalSection
	GlobalSection(ProjectConfigurationPlatforms) = postSolution
		{A3D63528-C2A4-432F-ABEA-03A02DFBACD3}.Debug|Any CPU.ActiveCfg = Debug|Any CPU
		{A3D63528-C2A4-432F-ABEA-03A02DFBACD3}.Debug|Any CPU.Build.0 = Debug|Any CPU
		{A3D63528-C2A4-432F-ABEA-03A02DFBACD3}.Release|Any CPU.ActiveCfg = Release|Any CPU
		{A3D63528-C2A4-432F-ABEA-03A02DFBACD3}.Release|Any CPU.Build.0 = Release|Any CPU
		{7C956266-7B94-4C5B-9E7B-E7584095CCF2}.Debug|Any CPU.ActiveCfg = Debug|Any CPU
		{7C956266-7B94-4C5B-9E7B-E7584095CCF2}.Debug|Any CPU.Build.0 = Debug|Any CPU
		{7C956266-7B94-4C5B-9E7B-E7584095CCF2}.Release|Any CPU.ActiveCfg = Release|Any CPU
		{7C956266-7B94-4C5B-9E7B-E7584095CCF2}.Release|Any CPU.Build.0 = Release|Any CPU
		{D9FBCB80-DF45-4BD6-BEE9-5BD3A083C41C}.Debug|Any CPU.ActiveCfg = Debug|Any CPU
		{D9FBCB80-DF45-4BD6-BEE9-5BD3A083C41C}.Debug|Any CPU.Build.0 = Debug|Any CPU
		{D9FBCB80-DF45-4BD6-BEE9-5BD3A083C41C}.Release|Any CPU.ActiveCfg = Release|Any CPU
		{D9FBCB80-DF45-4BD6-BEE9-5BD3A083C41C}.Release|Any CPU.Build.0 = Release|Any CPU
		{F5990438-9739-43E3-8DCD-51C78D983E21}.Debug|Any CPU.ActiveCfg = Debug|Any CPU
		{F5990438-9739-43E3-8DCD-51C78D983E21}.Debug|Any CPU.Build.0 = Debug|Any CPU
		{F5990438-9739-43E3-8DCD-51C78D983E21}.Release|Any CPU.ActiveCfg = Release|Any CPU
		{F5990438-9739-43E3-8DCD-51C78D983E21}.Release|Any CPU.Build.0 = Release|Any CPU
		{4841019D-6001-4639-A11F-F7B9DAAE5E93}.Debug|Any CPU.ActiveCfg = Debug|Any CPU
		{4841019D-6001-4639-A11F-F7B9DAAE5E93}.Debug|Any CPU.Build.0 = Debug|Any CPU
		{4841019D-6001-4639-A11F-F7B9DAAE5E93}.Release|Any CPU.ActiveCfg = Release|Any CPU
		{4841019D-6001-4639-A11F-F7B9DAAE5E93}.Release|Any CPU.Build.0 = Release|Any CPU
		{C520DB9E-7CE7-452A-9927-8452C502211D}.Debug|Any CPU.ActiveCfg = Debug|Any CPU
		{C520DB9E-7CE7-452A-9927-8452C502211D}.Debug|Any CPU.Build.0 = Debug|Any CPU
		{C520DB9E-7CE7-452A-9927-8452C502211D}.Release|Any CPU.ActiveCfg = Release|Any CPU
		{C520DB9E-7CE7-452A-9927-8452C502211D}.Release|Any CPU.Build.0 = Release|Any CPU
		{2DF78ABB-0D2A-4EFB-B627-4F3F65A93FDF}.Debug|Any CPU.ActiveCfg = Debug|Any CPU
		{2DF78ABB-0D2A-4EFB-B627-4F3F65A93FDF}.Debug|Any CPU.Build.0 = Debug|Any CPU
		{2DF78ABB-0D2A-4EFB-B627-4F3F65A93FDF}.Release|Any CPU.ActiveCfg = Release|Any CPU
		{2DF78ABB-0D2A-4EFB-B627-4F3F65A93FDF}.Release|Any CPU.Build.0 = Release|Any CPU
		{6F950CF9-6721-4A89-9A67-5084EC36F3DC}.Debug|Any CPU.ActiveCfg = Debug|Any CPU
		{6F950CF9-6721-4A89-9A67-5084EC36F3DC}.Debug|Any CPU.Build.0 = Debug|Any CPU
		{6F950CF9-6721-4A89-9A67-5084EC36F3DC}.Release|Any CPU.ActiveCfg = Release|Any CPU
		{6F950CF9-6721-4A89-9A67-5084EC36F3DC}.Release|Any CPU.Build.0 = Release|Any CPU
		{1F4C428C-0A92-4F49-B0FB-F34583D4C4D9}.Debug|Any CPU.ActiveCfg = Debug|Any CPU
		{1F4C428C-0A92-4F49-B0FB-F34583D4C4D9}.Debug|Any CPU.Build.0 = Debug|Any CPU
		{1F4C428C-0A92-4F49-B0FB-F34583D4C4D9}.Release|Any CPU.ActiveCfg = Release|Any CPU
		{1F4C428C-0A92-4F49-B0FB-F34583D4C4D9}.Release|Any CPU.Build.0 = Release|Any CPU
		{B2811263-5510-4E29-B329-24324DEA3EE1}.Debug|Any CPU.ActiveCfg = Debug|Any CPU
		{B2811263-5510-4E29-B329-24324DEA3EE1}.Debug|Any CPU.Build.0 = Debug|Any CPU
		{B2811263-5510-4E29-B329-24324DEA3EE1}.Release|Any CPU.ActiveCfg = Release|Any CPU
		{B2811263-5510-4E29-B329-24324DEA3EE1}.Release|Any CPU.Build.0 = Release|Any CPU
		{7FD5306C-9A39-4B1B-B177-1432D2A1EB7D}.Debug|Any CPU.ActiveCfg = Debug|Any CPU
		{7FD5306C-9A39-4B1B-B177-1432D2A1EB7D}.Debug|Any CPU.Build.0 = Debug|Any CPU
		{7FD5306C-9A39-4B1B-B177-1432D2A1EB7D}.Release|Any CPU.ActiveCfg = Release|Any CPU
		{7FD5306C-9A39-4B1B-B177-1432D2A1EB7D}.Release|Any CPU.Build.0 = Release|Any CPU
	EndGlobalSection
	GlobalSection(SolutionProperties) = preSolution
		HideSolutionNode = FALSE
	EndGlobalSection
	GlobalSection(NestedProjects) = preSolution
		{A3D63528-C2A4-432F-ABEA-03A02DFBACD3} = {4BA2F86A-86D6-4E63-B622-7B8DCB401FDD}
		{7C956266-7B94-4C5B-9E7B-E7584095CCF2} = {4BA2F86A-86D6-4E63-B622-7B8DCB401FDD}
		{D9FBCB80-DF45-4BD6-BEE9-5BD3A083C41C} = {7202C2A1-EB78-4CE6-AA6C-7CB4CAF7C1FB}
		{F5990438-9739-43E3-8DCD-51C78D983E21} = {24168A9A-1316-473B-9654-68B8EA024DEF}
		{4841019D-6001-4639-A11F-F7B9DAAE5E93} = {7202C2A1-EB78-4CE6-AA6C-7CB4CAF7C1FB}
		{C520DB9E-7CE7-452A-9927-8452C502211D} = {4BA2F86A-86D6-4E63-B622-7B8DCB401FDD}
		{2DF78ABB-0D2A-4EFB-B627-4F3F65A93FDF} = {86DA7A16-4F4E-4955-9EBA-28417A44AF4B}
		{6F950CF9-6721-4A89-9A67-5084EC36F3DC} = {7202C2A1-EB78-4CE6-AA6C-7CB4CAF7C1FB}
		{1F4C428C-0A92-4F49-B0FB-F34583D4C4D9} = {24168A9A-1316-473B-9654-68B8EA024DEF}
		{B2811263-5510-4E29-B329-24324DEA3EE1} = {7202C2A1-EB78-4CE6-AA6C-7CB4CAF7C1FB}
		{7FD5306C-9A39-4B1B-B177-1432D2A1EB7D} = {7202C2A1-EB78-4CE6-AA6C-7CB4CAF7C1FB}
	EndGlobalSection
	GlobalSection(ExtensibilityGlobals) = postSolution
		SolutionGuid = {9CB283C1-C052-49E9-8559-CD4E53AD2EEC}
	EndGlobalSection
EndGlobal
